
Microsoft Visual Studio Solution File, Format Version 12.00
Project("{FAE04EC0-301F-11D3-BF4B-00C04F79EFBC}") = "StudentManagement", "StudentManagement\StudentManagement.csproj", "{5CD46C9B-0F61-478B-873E-D4B28265B523}"
EndProject
Global
	GlobalSection(SolutionConfigurationPlatforms) = preSolution
		Debug|Any CPU = Debug|Any CPU
		Release|Any CPU = Release|Any CPU
	EndGlobalSection
	GlobalSection(ProjectConfigurationPlatforms) = postSolution
		{5CD46C9B-0F61-478B-873E-D4B28265B523}.Debug|Any CPU.ActiveCfg = Debug|Any CPU
		{5CD46C9B-0F61-478B-873E-D4B28265B523}.Debug|Any CPU.Build.0 = Debug|Any CPU
		{5CD46C9B-0F61-478B-873E-D4B28265B523}.Release|Any CPU.ActiveCfg = Release|Any CPU
		{5CD46C9B-0F61-478B-873E-D4B28265B523}.Release|Any CPU.Build.0 = Release|Any CPU
	EndGlobalSection
EndGlobal
